
Microsoft Visual Studio Solution File, Format Version 12.00
# Visual Studio 14
VisualStudioVersion = 14.0.25420.1
MinimumVisualStudioVersion = 10.0.40219.1
Project("{2150E333-8FDC-42A3-9474-1A3956D46DE8}") = "Engine", "Engine", "{D09982D0-28BC-4D30-9D93-11ED369CABF3}"
EndProject
Project("{2150E333-8FDC-42A3-9474-1A3956D46DE8}") = "Games", "Games", "{913AC4E7-4769-4C0F-B8D7-A44EF94D62C0}"
EndProject
Project("{8BC9CEB8-8B4A-11D0-8D11-00A0C91BC942}") = "UE4", "Intermediate\ProjectFiles\UE4.vcxproj", "{1F19AFA5-9711-47F5-B8E5-EE47FF7CD9C2}"
EndProject
Project("{8BC9CEB8-8B4A-11D0-8D11-00A0C91BC942}") = "V4_12_MyProject_1", "Intermediate\ProjectFiles\V4_12_MyProject_1.vcxproj", "{5A0B2E73-7D85-4C52-8B20-C7ABF1109DAD}"
EndProject
Global
	GlobalSection(SolutionConfigurationPlatforms) = preSolution
		DebugGame Editor|HTML5 = DebugGame Editor|HTML5
		DebugGame Editor|Win32 = DebugGame Editor|Win32
		DebugGame Editor|Win64 = DebugGame Editor|Win64
		DebugGame|HTML5 = DebugGame|HTML5
		DebugGame|Win32 = DebugGame|Win32
		DebugGame|Win64 = DebugGame|Win64
		Development Editor|HTML5 = Development Editor|HTML5
		Development Editor|Win32 = Development Editor|Win32
		Development Editor|Win64 = Development Editor|Win64
		Development|HTML5 = Development|HTML5
		Development|Win32 = Development|Win32
		Development|Win64 = Development|Win64
		Shipping|HTML5 = Shipping|HTML5
		Shipping|Win32 = Shipping|Win32
		Shipping|Win64 = Shipping|Win64
	EndGlobalSection
	GlobalSection(ProjectConfigurationPlatforms) = postSolution
		{1F19AFA5-9711-47F5-B8E5-EE47FF7CD9C2}.DebugGame Editor|HTML5.ActiveCfg = BuiltWithUnrealBuildTool|Win32
		{1F19AFA5-9711-47F5-B8E5-EE47FF7CD9C2}.DebugGame Editor|HTML5.Build.0 = BuiltWithUnrealBuildTool|Win32
		{1F19AFA5-9711-47F5-B8E5-EE47FF7CD9C2}.DebugGame Editor|Win32.ActiveCfg = BuiltWithUnrealBuildTool|Win32
		{1F19AFA5-9711-47F5-B8E5-EE47FF7CD9C2}.DebugGame Editor|Win32.Build.0 = BuiltWithUnrealBuildTool|Win32
		{1F19AFA5-9711-47F5-B8E5-EE47FF7CD9C2}.DebugGame Editor|Win64.ActiveCfg = BuiltWithUnrealBuildTool|Win32
		{1F19AFA5-9711-47F5-B8E5-EE47FF7CD9C2}.DebugGame Editor|Win64.Build.0 = BuiltWithUnrealBuildTool|Win32
		{1F19AFA5-9711-47F5-B8E5-EE47FF7CD9C2}.DebugGame|HTML5.ActiveCfg = BuiltWithUnrealBuildTool|Win32
		{1F19AFA5-9711-47F5-B8E5-EE47FF7CD9C2}.DebugGame|HTML5.Build.0 = BuiltWithUnrealBuildTool|Win32
		{1F19AFA5-9711-47F5-B8E5-EE47FF7CD9C2}.DebugGame|Win32.ActiveCfg = BuiltWithUnrealBuildTool|Win32
		{1F19AFA5-9711-47F5-B8E5-EE47FF7CD9C2}.DebugGame|Win32.Build.0 = BuiltWithUnrealBuildTool|Win32
		{1F19AFA5-9711-47F5-B8E5-EE47FF7CD9C2}.DebugGame|Win64.ActiveCfg = BuiltWithUnrealBuildTool|Win32
		{1F19AFA5-9711-47F5-B8E5-EE47FF7CD9C2}.DebugGame|Win64.Build.0 = BuiltWithUnrealBuildTool|Win32
		{1F19AFA5-9711-47F5-B8E5-EE47FF7CD9C2}.Development Editor|HTML5.ActiveCfg = BuiltWithUnrealBuildTool|Win32
		{1F19AFA5-9711-47F5-B8E5-EE47FF7CD9C2}.Development Editor|HTML5.Build.0 = BuiltWithUnrealBuildTool|Win32
		{1F19AFA5-9711-47F5-B8E5-EE47FF7CD9C2}.Development Editor|Win32.ActiveCfg = BuiltWithUnrealBuildTool|Win32
		{1F19AFA5-9711-47F5-B8E5-EE47FF7CD9C2}.Development Editor|Win32.Build.0 = BuiltWithUnrealBuildTool|Win32
		{1F19AFA5-9711-47F5-B8E5-EE47FF7CD9C2}.Development Editor|Win64.ActiveCfg = BuiltWithUnrealBuildTool|Win32
		{1F19AFA5-9711-47F5-B8E5-EE47FF7CD9C2}.Development Editor|Win64.Build.0 = BuiltWithUnrealBuildTool|Win32
		{1F19AFA5-9711-47F5-B8E5-EE47FF7CD9C2}.Development|HTML5.ActiveCfg = BuiltWithUnrealBuildTool|Win32
		{1F19AFA5-9711-47F5-B8E5-EE47FF7CD9C2}.Development|HTML5.Build.0 = BuiltWithUnrealBuildTool|Win32
		{1F19AFA5-9711-47F5-B8E5-EE47FF7CD9C2}.Development|Win32.ActiveCfg = BuiltWithUnrealBuildTool|Win32
		{1F19AFA5-9711-47F5-B8E5-EE47FF7CD9C2}.Development|Win32.Build.0 = BuiltWithUnrealBuildTool|Win32
		{1F19AFA5-9711-47F5-B8E5-EE47FF7CD9C2}.Development|Win64.ActiveCfg = BuiltWithUnrealBuildTool|Win32
		{1F19AFA5-9711-47F5-B8E5-EE47FF7CD9C2}.Development|Win64.Build.0 = BuiltWithUnrealBuildTool|Win32
		{1F19AFA5-9711-47F5-B8E5-EE47FF7CD9C2}.Shipping|HTML5.ActiveCfg = BuiltWithUnrealBuildTool|Win32
		{1F19AFA5-9711-47F5-B8E5-EE47FF7CD9C2}.Shipping|HTML5.Build.0 = BuiltWithUnrealBuildTool|Win32
		{1F19AFA5-9711-47F5-B8E5-EE47FF7CD9C2}.Shipping|Win32.ActiveCfg = BuiltWithUnrealBuildTool|Win32
		{1F19AFA5-9711-47F5-B8E5-EE47FF7CD9C2}.Shipping|Win32.Build.0 = BuiltWithUnrealBuildTool|Win32
		{1F19AFA5-9711-47F5-B8E5-EE47FF7CD9C2}.Shipping|Win64.ActiveCfg = BuiltWithUnrealBuildTool|Win32
		{1F19AFA5-9711-47F5-B8E5-EE47FF7CD9C2}.Shipping|Win64.Build.0 = BuiltWithUnrealBuildTool|Win32
		{5A0B2E73-7D85-4C52-8B20-C7ABF1109DAD}.DebugGame Editor|HTML5.ActiveCfg = HTML5_DebugGame_Editor|Win32
		{5A0B2E73-7D85-4C52-8B20-C7ABF1109DAD}.DebugGame Editor|Win32.ActiveCfg = DebugGame_Editor|Win32
		{5A0B2E73-7D85-4C52-8B20-C7ABF1109DAD}.DebugGame Editor|Win64.ActiveCfg = DebugGame_Editor|x64
		{5A0B2E73-7D85-4C52-8B20-C7ABF1109DAD}.DebugGame Editor|Win64.Build.0 = DebugGame_Editor|x64
		{5A0B2E73-7D85-4C52-8B20-C7ABF1109DAD}.DebugGame|HTML5.ActiveCfg = HTML5_DebugGame_Game|Win32
		{5A0B2E73-7D85-4C52-8B20-C7ABF1109DAD}.DebugGame|HTML5.Build.0 = HTML5_DebugGame_Game|Win32
		{5A0B2E73-7D85-4C52-8B20-C7ABF1109DAD}.DebugGame|Win32.ActiveCfg = DebugGame_Game|Win32
		{5A0B2E73-7D85-4C52-8B20-C7ABF1109DAD}.DebugGame|Win32.Build.0 = DebugGame_Game|Win32
		{5A0B2E73-7D85-4C52-8B20-C7ABF1109DAD}.DebugGame|Win64.ActiveCfg = DebugGame_Game|x64
		{5A0B2E73-7D85-4C52-8B20-C7ABF1109DAD}.DebugGame|Win64.Build.0 = DebugGame_Game|x64
		{5A0B2E73-7D85-4C52-8B20-C7ABF1109DAD}.Development Editor|HTML5.ActiveCfg = HTML5_Development_Editor|Win32
		{5A0B2E73-7D85-4C52-8B20-C7ABF1109DAD}.Development Editor|Win32.ActiveCfg = Development_Editor|Win32
		{5A0B2E73-7D85-4C52-8B20-C7ABF1109DAD}.Development Editor|Win64.ActiveCfg = Development_Editor|x64
		{5A0B2E73-7D85-4C52-8B20-C7ABF1109DAD}.Development Editor|Win64.Build.0 = Development_Editor|x64
		{5A0B2E73-7D85-4C52-8B20-C7ABF1109DAD}.Development|HTML5.ActiveCfg = HTML5_Development_Game|Win32
		{5A0B2E73-7D85-4C52-8B20-C7ABF1109DAD}.Development|HTML5.Build.0 = HTML5_Development_Game|Win32
		{5A0B2E73-7D85-4C52-8B20-C7ABF1109DAD}.Development|Win32.ActiveCfg = Development_Game|Win32
		{5A0B2E73-7D85-4C52-8B20-C7ABF1109DAD}.Development|Win32.Build.0 = Development_Game|Win32
		{5A0B2E73-7D85-4C52-8B20-C7ABF1109DAD}.Development|Win64.ActiveCfg = Development_Game|x64
		{5A0B2E73-7D85-4C52-8B20-C7ABF1109DAD}.Development|Win64.Build.0 = Development_Game|x64
		{5A0B2E73-7D85-4C52-8B20-C7ABF1109DAD}.Shipping|HTML5.ActiveCfg = HTML5_Shipping_Game|Win32
		{5A0B2E73-7D85-4C52-8B20-C7ABF1109DAD}.Shipping|HTML5.Build.0 = HTML5_Shipping_Game|Win32
		{5A0B2E73-7D85-4C52-8B20-C7ABF1109DAD}.Shipping|Win32.ActiveCfg = Shipping_Game|Win32
		{5A0B2E73-7D85-4C52-8B20-C7ABF1109DAD}.Shipping|Win32.Build.0 = Shipping_Game|Win32
		{5A0B2E73-7D85-4C52-8B20-C7ABF1109DAD}.Shipping|Win64.ActiveCfg = Shipping_Game|x64
		{5A0B2E73-7D85-4C52-8B20-C7ABF1109DAD}.Shipping|Win64.Build.0 = Shipping_Game|x64
	EndGlobalSection
	GlobalSection(SolutionProperties) = preSolution
		HideSolutionNode = FALSE
	EndGlobalSection
	GlobalSection(NestedProjects) = preSolution
		{1F19AFA5-9711-47F5-B8E5-EE47FF7CD9C2} = {D09982D0-28BC-4D30-9D93-11ED369CABF3}
		{5A0B2E73-7D85-4C52-8B20-C7ABF1109DAD} = {913AC4E7-4769-4C0F-B8D7-A44EF94D62C0}
	EndGlobalSection
EndGlobal
